
Microsoft Visual Studio Solution File, Format Version 12.00
# Visual Studio Version 17
VisualStudioVersion = 17.13.35913.81 d17.13
MinimumVisualStudioVersion = 10.0.40219.1
Project("{FAE04EC0-301F-11D3-BF4B-00C04F79EFBC}") = "20250418", "20250418\20250418.csproj", "{5B78A28C-3FDA-418F-86D1-670999B4BE73}"
EndProject
Global
	GlobalSection(SolutionConfigurationPlatforms) = preSolution
		Debug|Any CPU = Debug|Any CPU
		Release|Any CPU = Release|Any CPU
	EndGlobalSection
	GlobalSection(ProjectConfigurationPlatforms) = postSolution
		{5B78A28C-3FDA-418F-86D1-670999B4BE73}.Debug|Any CPU.ActiveCfg = Debug|Any CPU
		{5B78A28C-3FDA-418F-86D1-670999B4BE73}.Debug|Any CPU.Build.0 = Debug|Any CPU
		{5B78A28C-3FDA-418F-86D1-670999B4BE73}.Release|Any CPU.ActiveCfg = Release|Any CPU
		{5B78A28C-3FDA-418F-86D1-670999B4BE73}.Release|Any CPU.Build.0 = Release|Any CPU
	EndGlobalSection
	GlobalSection(SolutionProperties) = preSolution
		HideSolutionNode = FALSE
	EndGlobalSection
	GlobalSection(ExtensibilityGlobals) = postSolution
		SolutionGuid = {615AC216-D6BC-4798-BF99-1DEF801F1040}
	EndGlobalSection
EndGlobal
